
Microsoft Visual Studio Solution File, Format Version 12.00
# Visual Studio Version 17
VisualStudioVersion = 17.0.31612.314
MinimumVisualStudioVersion = 10.0.40219.1
Project("{2150E333-8FDC-42A3-9474-1A3956D46DE8}") = "api", "api", "{9E3307C1-F50F-46FC-9CB8-B0CC973631DD}"
EndProject
Project("{9092AA53-FB77-4645-B42D-1CCCA6BD08BD}") = "ControleEstoque.Api", "ControleEstoque.Api\ControleEstoque.Api.njsproj", "{95A5178E-0C3C-4FD7-960D-82FD3CE20807}"
EndProject
Global
	GlobalSection(SolutionConfigurationPlatforms) = preSolution
		Debug|Any CPU = Debug|Any CPU
		Release|Any CPU = Release|Any CPU
	EndGlobalSection
	GlobalSection(ProjectConfigurationPlatforms) = postSolution
		{95A5178E-0C3C-4FD7-960D-82FD3CE20807}.Debug|Any CPU.ActiveCfg = Debug|Any CPU
		{95A5178E-0C3C-4FD7-960D-82FD3CE20807}.Debug|Any CPU.Build.0 = Debug|Any CPU
		{95A5178E-0C3C-4FD7-960D-82FD3CE20807}.Release|Any CPU.ActiveCfg = Release|Any CPU
		{95A5178E-0C3C-4FD7-960D-82FD3CE20807}.Release|Any CPU.Build.0 = Release|Any CPU
	EndGlobalSection
	GlobalSection(SolutionProperties) = preSolution
		HideSolutionNode = FALSE
	EndGlobalSection
	GlobalSection(NestedProjects) = preSolution
		{95A5178E-0C3C-4FD7-960D-82FD3CE20807} = {9E3307C1-F50F-46FC-9CB8-B0CC973631DD}
	EndGlobalSection
	GlobalSection(ExtensibilityGlobals) = postSolution
		SolutionGuid = {77D37EC7-6B7C-439E-951B-EA4EC0EFEB54}
	EndGlobalSection
EndGlobal
